PODS:
  - Flutter (1.0.0)
  - flutter_webrtc (1.2.0):
    - Flutter
    - WebRTC-SDK (= 137.7151.04)
  - livekit_client (2.5.3):
    - Flutter
    - flutter_webrtc
    - WebRTC-SDK (= 137.7151.04)
  - WebRTC-SDK (137.7151.04)

DEPENDENCIES:
  - Flutter (from `Flutter`)
  - flutter_webrtc (from `.symlinks/plugins/flutter_webrtc/ios`)
  - livekit_client (from `.symlinks/plugins/livekit_client/ios`)

SPEC REPOS:
  trunk:
    - WebRTC-SDK

EXTERNAL SOURCES:
  Flutter:
    :path: Flutter
  flutter_webrtc:
    :path: ".symlinks/plugins/flutter_webrtc/ios"
  livekit_client:
    :path: ".symlinks/plugins/livekit_client/ios"

SPEC CHECKSUMS:
  Flutter: cabc95a1d2626b1b06e7179b784ebcf0c0cde467
  flutter_webrtc: c3e21fc0dcd9d8eb246ae4d5256fcbeb2f5ecd22
  livekit_client: 86c8af579274e4b7a215185a8080db2d4e176f40
  WebRTC-SDK: 40d4f5ba05cadff14e4db5614aec402a633f007e

PODFILE CHECKSUM: 07de65af562856e27e5951c84a3a6721564f5f7f

COCOAPODS: 1.17.0
